
Microsoft Visual Studio Solution File, Format Version 12.00
# Visual Studio Version 17
VisualStudioVersion = 17.14.36109.1 d17.14
MinimumVisualStudioVersion = 10.0.40219.1
Project("{FAE04EC0-301F-11D3-BF4B-00C04F79EFBC}") = "WinForm250521_05_CheckedListBox", "WinForm250521_05_CheckedListBox.csproj", "{97F34995-AD8E-4629-AE48-6519F62A1009}"
EndProject
Global
	GlobalSection(SolutionConfigurationPlatforms) = preSolution
		Debug|Any CPU = Debug|Any CPU
		Release|Any CPU = Release|Any CPU
	EndGlobalSection
	GlobalSection(ProjectConfigurationPlatforms) = postSolution
		{97F34995-AD8E-4629-AE48-6519F62A1009}.Debug|Any CPU.ActiveCfg = Debug|Any CPU
		{97F34995-AD8E-4629-AE48-6519F62A1009}.Debug|Any CPU.Build.0 = Debug|Any CPU
		{97F34995-AD8E-4629-AE48-6519F62A1009}.Release|Any CPU.ActiveCfg = Release|Any CPU
		{97F34995-AD8E-4629-AE48-6519F62A1009}.Release|Any CPU.Build.0 = Release|Any CPU
	EndGlobalSection
	GlobalSection(SolutionProperties) = preSolution
		HideSolutionNode = FALSE
	EndGlobalSection
	GlobalSection(ExtensibilityGlobals) = postSolution
		SolutionGuid = {9C755E44-EA96-4451-98FD-238D4C465218}
	EndGlobalSection
EndGlobal
