
Microsoft Visual Studio Solution File, Format Version 12.00
# Visual Studio Version 17
VisualStudioVersion = 17.14.36109.1 d17.14
MinimumVisualStudioVersion = 10.0.40219.1
Project("{FAE04EC0-301F-11D3-BF4B-00C04F79EFBC}") = "WinForm250522_01_ListView", "WinForm250522_01_ListView.csproj", "{A03878F2-9570-47F3-9C95-F47D755D509C}"
EndProject
Global
	GlobalSection(SolutionConfigurationPlatforms) = preSolution
		Debug|Any CPU = Debug|Any CPU
		Release|Any CPU = Release|Any CPU
	EndGlobalSection
	GlobalSection(ProjectConfigurationPlatforms) = postSolution
		{A03878F2-9570-47F3-9C95-F47D755D509C}.Debug|Any CPU.ActiveCfg = Debug|Any CPU
		{A03878F2-9570-47F3-9C95-F47D755D509C}.Debug|Any CPU.Build.0 = Debug|Any CPU
		{A03878F2-9570-47F3-9C95-F47D755D509C}.Release|Any CPU.ActiveCfg = Release|Any CPU
		{A03878F2-9570-47F3-9C95-F47D755D509C}.Release|Any CPU.Build.0 = Release|Any CPU
	EndGlobalSection
	GlobalSection(SolutionProperties) = preSolution
		HideSolutionNode = FALSE
	EndGlobalSection
	GlobalSection(ExtensibilityGlobals) = postSolution
		SolutionGuid = {55933821-BF89-4BDD-8142-907AD5313D7A}
	EndGlobalSection
EndGlobal
