
Microsoft Visual Studio Solution File, Format Version 12.00
# Visual Studio Version 17
VisualStudioVersion = 17.14.36109.1 d17.14
MinimumVisualStudioVersion = 10.0.40219.1
Project("{FAE04EC0-301F-11D3-BF4B-00C04F79EFBC}") = "WinForm250522_02_TreeView", "WinForm250522_02_TreeView.csproj", "{C4D12BE7-0A4E-4360-B95B-C9D1D169648A}"
EndProject
Global
	GlobalSection(SolutionConfigurationPlatforms) = preSolution
		Debug|Any CPU = Debug|Any CPU
		Release|Any CPU = Release|Any CPU
	EndGlobalSection
	GlobalSection(ProjectConfigurationPlatforms) = postSolution
		{C4D12BE7-0A4E-4360-B95B-C9D1D169648A}.Debug|Any CPU.ActiveCfg = Debug|Any CPU
		{C4D12BE7-0A4E-4360-B95B-C9D1D169648A}.Debug|Any CPU.Build.0 = Debug|Any CPU
		{C4D12BE7-0A4E-4360-B95B-C9D1D169648A}.Release|Any CPU.ActiveCfg = Release|Any CPU
		{C4D12BE7-0A4E-4360-B95B-C9D1D169648A}.Release|Any CPU.Build.0 = Release|Any CPU
	EndGlobalSection
	GlobalSection(SolutionProperties) = preSolution
		HideSolutionNode = FALSE
	EndGlobalSection
	GlobalSection(ExtensibilityGlobals) = postSolution
		SolutionGuid = {EE3D5DB9-7FF5-4C64-AFC9-E0826D946C2A}
	EndGlobalSection
EndGlobal
