
Microsoft Visual Studio Solution File, Format Version 12.00
# Visual Studio Version 17
VisualStudioVersion = 17.13.35931.197 d17.13
MinimumVisualStudioVersion = 10.0.40219.1
Project("{FAE04EC0-301F-11D3-BF4B-00C04F79EFBC}") = "hj20250527_SocketServerConsole", "hj20250527_SocketServerConsole.csproj", "{89BD820D-A126-4E70-9483-BB789BB6A76C}"
EndProject
Global
	GlobalSection(SolutionConfigurationPlatforms) = preSolution
		Debug|Any CPU = Debug|Any CPU
		Release|Any CPU = Release|Any CPU
	EndGlobalSection
	GlobalSection(ProjectConfigurationPlatforms) = postSolution
		{89BD820D-A126-4E70-9483-BB789BB6A76C}.Debug|Any CPU.ActiveCfg = Debug|Any CPU
		{89BD820D-A126-4E70-9483-BB789BB6A76C}.Debug|Any CPU.Build.0 = Debug|Any CPU
		{89BD820D-A126-4E70-9483-BB789BB6A76C}.Release|Any CPU.ActiveCfg = Release|Any CPU
		{89BD820D-A126-4E70-9483-BB789BB6A76C}.Release|Any CPU.Build.0 = Release|Any CPU
	EndGlobalSection
	GlobalSection(SolutionProperties) = preSolution
		HideSolutionNode = FALSE
	EndGlobalSection
	GlobalSection(ExtensibilityGlobals) = postSolution
		SolutionGuid = {B60A1CF3-F61A-44DC-9222-F185A2971187}
	EndGlobalSection
EndGlobal
