
Microsoft Visual Studio Solution File, Format Version 12.00
# Visual Studio Version 17
VisualStudioVersion = 17.14.36109.1
MinimumVisualStudioVersion = 10.0.40219.1
Project("{FAE04EC0-301F-11D3-BF4B-00C04F79EFBC}") = "250519_실전훈련", "250519_실전훈련.csproj", "{A032B901-3518-4933-99FC-596D3F67A87E}"
EndProject
Global
	GlobalSection(SolutionConfigurationPlatforms) = preSolution
		Debug|Any CPU = Debug|Any CPU
		Release|Any CPU = Release|Any CPU
	EndGlobalSection
	GlobalSection(ProjectConfigurationPlatforms) = postSolution
		{A032B901-3518-4933-99FC-596D3F67A87E}.Debug|Any CPU.ActiveCfg = Debug|Any CPU
		{A032B901-3518-4933-99FC-596D3F67A87E}.Debug|Any CPU.Build.0 = Debug|Any CPU
		{A032B901-3518-4933-99FC-596D3F67A87E}.Release|Any CPU.ActiveCfg = Release|Any CPU
		{A032B901-3518-4933-99FC-596D3F67A87E}.Release|Any CPU.Build.0 = Release|Any CPU
	EndGlobalSection
	GlobalSection(SolutionProperties) = preSolution
		HideSolutionNode = FALSE
	EndGlobalSection
	GlobalSection(ExtensibilityGlobals) = postSolution
		SolutionGuid = {E4FCC6B3-6FBD-4D64-9C8D-78A934651087}
	EndGlobalSection
EndGlobal
